{
    "friendsofsymfony/rest-bundle": {
        "version": "2.2",
        "recipe": {
            "repo": "github.com/symfony/recipes-contrib",
            "branch": "master",
            "version": "2.2",
            "ref": "cad41ef93d6150067ae2bb3c7fd729492dff6f0a"
        },
        "files": [
            "./config/packages/fos_rest.yaml"
        ]
    },
    "symfony/orm-pack": {
        "version": "v2.1.0"
    },
    "twig/string-extra": {
        "version": "v3.3.0"
    },
    "ursusarctosua/doctrine-timestamp": {
        "version": "v0.1.5"
    },
    "willdurand/jsonp-callback-validator": {
        "version": "v1.1.0"
    },
    "willdurand/negotiation": {
        "version": "3.0.0"
    }
}
